
Microsoft Visual Studio Solution File, Format Version 12.00
# Visual Studio Version 17
VisualStudioVersion = 17.0.32112.339
MinimumVisualStudioVersion = 10.0.40219.1
Project("{FAE04EC0-301F-11D3-BF4B-00C04F79EFBC}") = "TournamentSystem", "TournamentSystem\TournamentSystem.csproj", "{F7FA54E1-8445-46BF-905B-54114C8ACA32}"
EndProject
Global
	GlobalSection(SolutionConfigurationPlatforms) = preSolution
		Debug|Any CPU = Debug|Any CPU
		Release|Any CPU = Release|Any CPU
	EndGlobalSection
	GlobalSection(ProjectConfigurationPlatforms) = postSolution
		{F7FA54E1-8445-46BF-905B-54114C8ACA32}.Debug|Any CPU.ActiveCfg = Debug|Any CPU
		{F7FA54E1-8445-46BF-905B-54114C8ACA32}.Debug|Any CPU.Build.0 = Debug|Any CPU
		{F7FA54E1-8445-46BF-905B-54114C8ACA32}.Release|Any CPU.ActiveCfg = Release|Any CPU
		{F7FA54E1-8445-46BF-905B-54114C8ACA32}.Release|Any CPU.Build.0 = Release|Any CPU
	EndGlobalSection
	GlobalSection(SolutionProperties) = preSolution
		HideSolutionNode = FALSE
	EndGlobalSection
	GlobalSection(ExtensibilityGlobals) = postSolution
		SolutionGuid = {836F6D28-C019-4F38-8744-C55B180A3F9B}
	EndGlobalSection
EndGlobal
